
Microsoft Visual Studio Solution File, Format Version 12.00
# Visual Studio Version 17
VisualStudioVersion = 17.1.32421.90
MinimumVisualStudioVersion = 10.0.40219.1
Project("{9A19103F-16F7-4668-BE54-9A1E7A4F7556}") = "ThrowerHelper", "ThrowerHelper.csproj", "{8F7F489F-B9E2-4469-BDE6-90E7C477FABA}"
EndProject
Global
	GlobalSection(SolutionConfigurationPlatforms) = preSolution
		Debug|Any CPU = Debug|Any CPU
		Release|Any CPU = Release|Any CPU
	EndGlobalSection
	GlobalSection(ProjectConfigurationPlatforms) = postSolution
		{8F7F489F-B9E2-4469-BDE6-90E7C477FABA}.Debug|Any CPU.ActiveCfg = Debug|Any CPU
		{8F7F489F-B9E2-4469-BDE6-90E7C477FABA}.Debug|Any CPU.Build.0 = Debug|Any CPU
		{8F7F489F-B9E2-4469-BDE6-90E7C477FABA}.Release|Any CPU.ActiveCfg = Release|Any CPU
		{8F7F489F-B9E2-4469-BDE6-90E7C477FABA}.Release|Any CPU.Build.0 = Release|Any CPU
	EndGlobalSection
	GlobalSection(SolutionProperties) = preSolution
		HideSolutionNode = FALSE
	EndGlobalSection
	GlobalSection(ExtensibilityGlobals) = postSolution
		SolutionGuid = {92E61312-0356-4E5B-91F8-FA8A20A2022C}
	EndGlobalSection
EndGlobal
